
Microsoft Visual Studio Solution File, Format Version 12.00
# Visual Studio Version 16
VisualStudioVersion = 16.0.30002.166
MinimumVisualStudioVersion = 10.0.40219.1
Project("{FAE04EC0-301F-11D3-BF4B-00C04F79EFBC}") = "EatGuaHelper", "EatGuaHelper\EatGuaHelper.csproj", "{C170E76F-EF7B-4715-9537-F8217905747A}"
EndProject
Global
	GlobalSection(SolutionConfigurationPlatforms) = preSolution
		Debug|Any CPU = Debug|Any CPU
		Release|Any CPU = Release|Any CPU
	EndGlobalSection
	GlobalSection(ProjectConfigurationPlatforms) = postSolution
		{C170E76F-EF7B-4715-9537-F8217905747A}.Debug|Any CPU.ActiveCfg = Debug|Any CPU
		{C170E76F-EF7B-4715-9537-F8217905747A}.Debug|Any CPU.Build.0 = Debug|Any CPU
		{C170E76F-EF7B-4715-9537-F8217905747A}.Release|Any CPU.ActiveCfg = Release|Any CPU
		{C170E76F-EF7B-4715-9537-F8217905747A}.Release|Any CPU.Build.0 = Release|Any CPU
	EndGlobalSection
	GlobalSection(SolutionProperties) = preSolution
		HideSolutionNode = FALSE
	EndGlobalSection
	GlobalSection(ExtensibilityGlobals) = postSolution
		SolutionGuid = {3D186BD3-A9A9-453C-A891-DD7639AF0004}
	EndGlobalSection
EndGlobal
